// !$*UTF8*$!
{
	archiveVersion = 1;
	classes = {
	};
	objectVersion = 51;
	objects = {

/* Begin PBXBuildFile section */
		5B5985BD263970EF006401AC /* AppDelegate.swift in Sources */ = {isa = PBXBuildFile; fileRef = 5B5985BC263970EF006401AC /* AppDelegate.swift */; };
		5B5985C3263970EF006401AC /* Assets.xcassets in Resources */ = {isa = PBXBuildFile; fileRef = 5B5985C2263970EF006401AC /* Assets.xcassets */; };
		5B5985C6263970EF006401AC /* Preview Assets.xcassets in Resources */ = {isa = PBXBuildFile; fileRef = 5B5985C5263970EF006401AC /* Preview Assets.xcassets */; };
		5B5985C9263970EF006401AC /* LaunchScreen.storyboard in Resources */ = {isa = PBXBuildFile; fileRef = 5B5985C7263970EF006401AC /* LaunchScreen.storyboard */; };
		5B5985D92639723C006401AC /* cars.json in Resources */ = {isa = PBXBuildFile; fileRef = 5B5985D62639723C006401AC /* cars.json */; };
		5B5985DA2639723C006401AC /* fruits.json in Resources */ = {isa = PBXBuildFile; fileRef = 5B5985D72639723C006401AC /* fruits.json */; };
		5B5985DB2639723C006401AC /* users.json in Resources */ = {isa = PBXBuildFile; fileRef = 5B5985D82639723C006401AC /* users.json */; };
		60CDE087F18EEC99BB6A9F95 /* Pods_ios_test.framework in Frameworks */ = {isa = PBXBuildFile; fileRef = 030C66335B5FE038935C43A9 /* Pods_ios_test.framework */; };
		D1F64550263A803600E3382E /* MainViewController.swift in Sources */ = {isa = PBXBuildFile; fileRef = D1F6454F263A803600E3382E /* MainViewController.swift */; };
		D1F64552263A807700E3382E /* Main.storyboard in Resources */ = {isa = PBXBuildFile; fileRef = D1F64551263A807700E3382E /* Main.storyboard */; };
		D1F64555263A83FF00E3382E /* CategoryTableViewCell.swift in Sources */ = {isa = PBXBuildFile; fileRef = D1F64554263A83FF00E3382E /* CategoryTableViewCell.swift */; };
		D1F6455A263A864400E3382E /* DataModel.swift in Sources */ = {isa = PBXBuildFile; fileRef = D1F64559263A864400E3382E /* DataModel.swift */; };
		D1F6455E263A893600E3382E /* MainScreenRequestManager.swift in Sources */ = {isa = PBXBuildFile; fileRef = D1F6455D263A893600E3382E /* MainScreenRequestManager.swift */; };
		D1F64562263A9BDE00E3382E /* Constants.swift in Sources */ = {isa = PBXBuildFile; fileRef = D1F64561263A9BDE00E3382E /* Constants.swift */; };
		D1F64564263AA16600E3382E /* Device.swift in Sources */ = {isa = PBXBuildFile; fileRef = D1F64563263AA16600E3382E /* Device.swift */; };
		D1F6456A263AA1E500E3382E /* BaseViewController.swift in Sources */ = {isa = PBXBuildFile; fileRef = D1F64569263AA1E500E3382E /* BaseViewController.swift */; };
		D1F6456C263AAE9200E3382E /* MainViewControllerCustomDelegate.swift in Sources */ = {isa = PBXBuildFile; fileRef = D1F6456B263AAE9200E3382E /* MainViewControllerCustomDelegate.swift */; };
		D1F6456E263AC7EC00E3382E /* CategoryDetailsViewController.swift in Sources */ = {isa = PBXBuildFile; fileRef = D1F6456D263AC7EC00E3382E /* CategoryDetailsViewController.swift */; };
/* End PBXBuildFile section */

/* Begin PBXFileReference section */
		030C66335B5FE038935C43A9 /* Pods_ios_test.framework */ = {isa = PBXFileReference; explicitFileType = wrapper.framework; includeInIndex = 0; path = Pods_ios_test.framework; sourceTree = BUILT_PRODUCTS_DIR; };
		5B5985B9263970EF006401AC /* ios-test.app */ = {isa = PBXFileReference; explicitFileType = wrapper.application; includeInIndex = 0; path = "ios-test.app"; sourceTree = BUILT_PRODUCTS_DIR; };
		5B5985BC263970EF006401AC /* AppDelegate.swift */ = {isa = PBXFileReference; lastKnownFileType = sourcecode.swift; path = AppDelegate.swift; sourceTree = "<group>"; };
		5B5985C2263970EF006401AC /* Assets.xcassets */ = {isa = PBXFileReference; lastKnownFileType = folder.assetcatalog; path = Assets.xcassets; sourceTree = "<group>"; };
		5B5985C5263970EF006401AC /* Preview Assets.xcassets */ = {isa = PBXFileReference; lastKnownFileType = folder.assetcatalog; path = "Preview Assets.xcassets"; sourceTree = "<group>"; };
		5B5985C8263970EF006401AC /* Base */ = {isa = PBXFileReference; lastKnownFileType = file.storyboard; name = Base; path = Base.lproj/LaunchScreen.storyboard; sourceTree = "<group>"; };
		5B5985CA263970EF006401AC /* Info.plist */ = {isa = PBXFileReference; lastKnownFileType = text.plist.xml; path = Info.plist; sourceTree = "<group>"; };
		5B5985D62639723C006401AC /* cars.json */ = {isa = PBXFileReference; fileEncoding = 4; lastKnownFileType = text.json; path = cars.json; sourceTree = "<group>"; };
		5B5985D72639723C006401AC /* fruits.json */ = {isa = PBXFileReference; fileEncoding = 4; lastKnownFileType = text.json; path = fruits.json; sourceTree = "<group>"; };
		5B5985D82639723C006401AC /* users.json */ = {isa = PBXFileReference; fileEncoding = 4; lastKnownFileType = text.json; path = users.json; sourceTree = "<group>"; };
		C24208CE05517A375F138E79 /* Pods-ios-test.debug.xcconfig */ = {isa = PBXFileReference; includeInIndex = 1; lastKnownFileType = text.xcconfig; name = "Pods-ios-test.debug.xcconfig"; path = "Target Support Files/Pods-ios-test/Pods-ios-test.debug.xcconfig"; sourceTree = "<group>"; };
		D1F6454F263A803600E3382E /* MainViewController.swift */ = {isa = PBXFileReference; lastKnownFileType = sourcecode.swift; path = MainViewController.swift; sourceTree = "<group>"; };
		D1F64551263A807700E3382E /* Main.storyboard */ = {isa = PBXFileReference; lastKnownFileType = file.storyboard; path = Main.storyboard; sourceTree = "<group>"; };
		D1F64554263A83FF00E3382E /* CategoryTableViewCell.swift */ = {isa = PBXFileReference; lastKnownFileType = sourcecode.swift; path = CategoryTableViewCell.swift; sourceTree = "<group>"; };
		D1F64559263A864400E3382E /* DataModel.swift */ = {isa = PBXFileReference; lastKnownFileType = sourcecode.swift; path = DataModel.swift; sourceTree = "<group>"; };
		D1F6455D263A893600E3382E /* MainScreenRequestManager.swift */ = {isa = PBXFileReference; lastKnownFileType = sourcecode.swift; path = MainScreenRequestManager.swift; sourceTree = "<group>"; };
		D1F64561263A9BDE00E3382E /* Constants.swift */ = {isa = PBXFileReference; lastKnownFileType = sourcecode.swift; path = Constants.swift; sourceTree = "<group>"; };
		D1F64563263AA16600E3382E /* Device.swift */ = {isa = PBXFileReference; lastKnownFileType = sourcecode.swift; path = Device.swift; sourceTree = "<group>"; };
		D1F64569263AA1E500E3382E /* BaseViewController.swift */ = {isa = PBXFileReference; lastKnownFileType = sourcecode.swift; path = BaseViewController.swift; sourceTree = "<group>"; };
		D1F6456B263AAE9200E3382E /* MainViewControllerCustomDelegate.swift */ = {isa = PBXFileReference; lastKnownFileType = sourcecode.swift; path = MainViewControllerCustomDelegate.swift; sourceTree = "<group>"; };
		D1F6456D263AC7EC00E3382E /* CategoryDetailsViewController.swift */ = {isa = PBXFileReference; lastKnownFileType = sourcecode.swift; path = CategoryDetailsViewController.swift; sourceTree = "<group>"; };
		E35321141696F0BCD41EF8CA /* Pods-ios-test.release.xcconfig */ = {isa = PBXFileReference; includeInIndex = 1; lastKnownFileType = text.xcconfig; name = "Pods-ios-test.release.xcconfig"; path = "Target Support Files/Pods-ios-test/Pods-ios-test.release.xcconfig"; sourceTree = "<group>"; };
/* End PBXFileReference section */

/* Begin PBXFrameworksBuildPhase section */
		5B5985B6263970EF006401AC /* Frameworks */ = {
			isa = PBXFrameworksBuildPhase;
			buildActionMask = 2147483647;
			files = (
				60CDE087F18EEC99BB6A9F95 /* Pods_ios_test.framework in Frameworks */,
			);
			runOnlyForDeploymentPostprocessing = 0;
		};
/* End PBXFrameworksBuildPhase section */

/* Begin PBXGroup section */
		5B5985B0263970EF006401AC = {
			isa = PBXGroup;
			children = (
				5B5985BB263970EF006401AC /* ios-test */,
				5B5985BA263970EF006401AC /* Products */,
				9B62EBAC22A54FCEB1FAF39E /* Pods */,
				DC5743AECE895A9BA6CEE5BF /* Frameworks */,
			);
			sourceTree = "<group>";
		};
		5B5985BA263970EF006401AC /* Products */ = {
			isa = PBXGroup;
			children = (
				5B5985B9263970EF006401AC /* ios-test.app */,
			);
			name = Products;
			sourceTree = "<group>";
		};
		5B5985BB263970EF006401AC /* ios-test */ = {
			isa = PBXGroup;
			children = (
				D1F64565263AA19B00E3382E /* Modules */,
				5B5985D5263971F8006401AC /* Data */,
				D1F6455F263A9BBF00E3382E /* Utilities */,
				5B5985C2263970EF006401AC /* Assets.xcassets */,
				5B5985C7263970EF006401AC /* LaunchScreen.storyboard */,
				5B5985CA263970EF006401AC /* Info.plist */,
				5B5985C4263970EF006401AC /* Preview Content */,
			);
			path = "ios-test";
			sourceTree = "<group>";
		};
		5B5985C4263970EF006401AC /* Preview Content */ = {
			isa = PBXGroup;
			children = (
				5B5985C5263970EF006401AC /* Preview Assets.xcassets */,
			);
			path = "Preview Content";
			sourceTree = "<group>";
		};
		5B5985D5263971F8006401AC /* Data */ = {
			isa = PBXGroup;
			children = (
				5B5985D62639723C006401AC /* cars.json */,
				5B5985D72639723C006401AC /* fruits.json */,
				5B5985D82639723C006401AC /* users.json */,
			);
			path = Data;
			sourceTree = "<group>";
		};
		9B62EBAC22A54FCEB1FAF39E /* Pods */ = {
			isa = PBXGroup;
			children = (
				C24208CE05517A375F138E79 /* Pods-ios-test.debug.xcconfig */,
				E35321141696F0BCD41EF8CA /* Pods-ios-test.release.xcconfig */,
			);
			path = Pods;
			sourceTree = "<group>";
		};
		D1F64553263A839000E3382E /* TableViewCell */ = {
			isa = PBXGroup;
			children = (
				D1F64554263A83FF00E3382E /* CategoryTableViewCell.swift */,
			);
			path = TableViewCell;
			sourceTree = "<group>";
		};
		D1F64556263A85DE00E3382E /* Controller */ = {
			isa = PBXGroup;
			children = (
				D1F64553263A839000E3382E /* TableViewCell */,
				5B5985BC263970EF006401AC /* AppDelegate.swift */,
				D1F6454F263A803600E3382E /* MainViewController.swift */,
				D1F6456B263AAE9200E3382E /* MainViewControllerCustomDelegate.swift */,
				D1F6456D263AC7EC00E3382E /* CategoryDetailsViewController.swift */,
				D1F64551263A807700E3382E /* Main.storyboard */,
			);
			path = Controller;
			sourceTree = "<group>";
		};
		D1F64557263A860A00E3382E /* Model */ = {
			isa = PBXGroup;
			children = (
				D1F64559263A864400E3382E /* DataModel.swift */,
			);
			path = Model;
			sourceTree = "<group>";
		};
		D1F64558263A861200E3382E /* Request Manager */ = {
			isa = PBXGroup;
			children = (
				D1F6455D263A893600E3382E /* MainScreenRequestManager.swift */,
			);
			path = "Request Manager";
			sourceTree = "<group>";
		};
		D1F6455F263A9BBF00E3382E /* Utilities */ = {
			isa = PBXGroup;
			children = (
				D1F64560263A9BCC00E3382E /* Constants */,
			);
			path = Utilities;
			sourceTree = "<group>";
		};
		D1F64560263A9BCC00E3382E /* Constants */ = {
			isa = PBXGroup;
			children = (
				D1F64561263A9BDE00E3382E /* Constants.swift */,
				D1F64563263AA16600E3382E /* Device.swift */,
			);
			path = Constants;
			sourceTree = "<group>";
		};
		D1F64565263AA19B00E3382E /* Modules */ = {
			isa = PBXGroup;
			children = (
				D1F64567263AA1CA00E3382E /* BaseClass */,
				D1F64566263AA1AC00E3382E /* MainScreen */,
			);
			path = Modules;
			sourceTree = "<group>";
		};
		D1F64566263AA1AC00E3382E /* MainScreen */ = {
			isa = PBXGroup;
			children = (
				D1F64557263A860A00E3382E /* Model */,
				D1F64558263A861200E3382E /* Request Manager */,
				D1F64556263A85DE00E3382E /* Controller */,
			);
			path = MainScreen;
			sourceTree = "<group>";
		};
		D1F64567263AA1CA00E3382E /* BaseClass */ = {
			isa = PBXGroup;
			children = (
				D1F64569263AA1E500E3382E /* BaseViewController.swift */,
			);
			path = BaseClass;
			sourceTree = "<group>";
		};
		DC5743AECE895A9BA6CEE5BF /* Frameworks */ = {
			isa = PBXGroup;
			children = (
				030C66335B5FE038935C43A9 /* Pods_ios_test.framework */,
			);
			name = Frameworks;
			sourceTree = "<group>";
		};
/* End PBXGroup section */

/* Begin PBXNativeTarget section */
		5B5985B8263970EF006401AC /* ios-test */ = {
			isa = PBXNativeTarget;
			buildConfigurationList = 5B5985CD263970EF006401AC /* Build configuration list for PBXNativeTarget "ios-test" */;
			buildPhases = (
				20794E22AE175C4CBACCA980 /* [CP] Check Pods Manifest.lock */,
				5B5985B5263970EF006401AC /* Sources */,
				5B5985B6263970EF006401AC /* Frameworks */,
				5B5985B7263970EF006401AC /* Resources */,
				32568968054D24CC176FA724 /* [CP] Embed Pods Frameworks */,
			);
			buildRules = (
			);
			dependencies = (
			);
			name = "ios-test";
			productName = "ios-test";
			productReference = 5B5985B9263970EF006401AC /* ios-test.app */;
			productType = "com.apple.product-type.application";
		};
/* End PBXNativeTarget section */

/* Begin PBXProject section */
		5B5985B1263970EF006401AC /* Project object */ = {
			isa = PBXProject;
			attributes = {
				LastSwiftUpdateCheck = 1240;
				LastUpgradeCheck = 1240;
				TargetAttributes = {
					5B5985B8263970EF006401AC = {
						CreatedOnToolsVersion = 12.4;
					};
				};
			};
			buildConfigurationList = 5B5985B4263970EF006401AC /* Build configuration list for PBXProject "ios-test" */;
			compatibilityVersion = "Xcode 9.3";
			developmentRegion = en;
			hasScannedForEncodings = 0;
			knownRegions = (
				en,
				Base,
			);
			mainGroup = 5B5985B0263970EF006401AC;
			productRefGroup = 5B5985BA263970EF006401AC /* Products */;
			projectDirPath = "";
			projectRoot = "";
			targets = (
				5B5985B8263970EF006401AC /* ios-test */,
			);
		};
/* End PBXProject section */

/* Begin PBXResourcesBuildPhase section */
		5B5985B7263970EF006401AC /* Resources */ = {
			isa = PBXResourcesBuildPhase;
			buildActionMask = 2147483647;
			files = (
				D1F64552263A807700E3382E /* Main.storyboard in Resources */,
				5B5985DB2639723C006401AC /* users.json in Resources */,
				5B5985C9263970EF006401AC /* LaunchScreen.storyboard in Resources */,
				5B5985C6263970EF006401AC /* Preview Assets.xcassets in Resources */,
				5B5985DA2639723C006401AC /* fruits.json in Resources */,
				5B5985D92639723C006401AC /* cars.json in Resources */,
				5B5985C3263970EF006401AC /* Assets.xcassets in Resources */,
			);
			runOnlyForDeploymentPostprocessing = 0;
		};
/* End PBXResourcesBuildPhase section */

/* Begin PBXShellScriptBuildPhase section */
		20794E22AE175C4CBACCA980 /* [CP] Check Pods Manifest.lock */ = {
			isa = PBXShellScriptBuildPhase;
			buildActionMask = 2147483647;
			files = (
			);
			inputFileListPaths = (
			);
			inputPaths = (
				"${PODS_PODFILE_DIR_PATH}/Podfile.lock",
				"${PODS_ROOT}/Manifest.lock",
			);
			name = "[CP] Check Pods Manifest.lock";
			outputFileListPaths = (
			);
			outputPaths = (
				"$(DERIVED_FILE_DIR)/Pods-ios-test-checkManifestLockResult.txt",
			);
			runOnlyForDeploymentPostprocessing = 0;
			shellPath = /bin/sh;
			shellScript = "diff \"${PODS_PODFILE_DIR_PATH}/Podfile.lock\" \"${PODS_ROOT}/Manifest.lock\" > /dev/null\nif [ $? != 0 ] ; then\n    # print error to STDERR\n    echo \"error: The sandbox is not in sync with the Podfile.lock. Run 'pod install' or update your CocoaPods installation.\" >&2\n    exit 1\nfi\n# This output is used by Xcode 'outputs' to avoid re-running this script phase.\necho \"SUCCESS\" > \"${SCRIPT_OUTPUT_FILE_0}\"\n";
			showEnvVarsInLog = 0;
		};
		32568968054D24CC176FA724 /* [CP] Embed Pods Frameworks */ = {
			isa = PBXShellScriptBuildPhase;
			buildActionMask = 2147483647;
			files = (
			);
			inputFileListPaths = (
				"${PODS_ROOT}/Target Support Files/Pods-ios-test/Pods-ios-test-frameworks-${CONFIGURATION}-input-files.xcfilelist",
			);
			name = "[CP] Embed Pods Frameworks";
			outputFileListPaths = (
				"${PODS_ROOT}/Target Support Files/Pods-ios-test/Pods-ios-test-frameworks-${CONFIGURATION}-output-files.xcfilelist",
			);
			runOnlyForDeploymentPostprocessing = 0;
			shellPath = /bin/sh;
			shellScript = "\"${PODS_ROOT}/Target Support Files/Pods-ios-test/Pods-ios-test-frameworks.sh\"\n";
			showEnvVarsInLog = 0;
		};
/* End PBXShellScriptBuildPhase section */

/* Begin PBXSourcesBuildPhase section */
		5B5985B5263970EF006401AC /* Sources */ = {
			isa = PBXSourcesBuildPhase;
			buildActionMask = 2147483647;
			files = (
				D1F6455E263A893600E3382E /* MainScreenRequestManager.swift in Sources */,
				5B5985BD263970EF006401AC /* AppDelegate.swift in Sources */,
				D1F6455A263A864400E3382E /* DataModel.swift in Sources */,
				D1F6456E263AC7EC00E3382E /* CategoryDetailsViewController.swift in Sources */,
				D1F64550263A803600E3382E /* MainViewController.swift in Sources */,
				D1F6456C263AAE9200E3382E /* MainViewControllerCustomDelegate.swift in Sources */,
				D1F64555263A83FF00E3382E /* CategoryTableViewCell.swift in Sources */,
				D1F6456A263AA1E500E3382E /* BaseViewController.swift in Sources */,
				D1F64564263AA16600E3382E /* Device.swift in Sources */,
				D1F64562263A9BDE00E3382E /* Constants.swift in Sources */,
			);
			runOnlyForDeploymentPostprocessing = 0;
		};
/* End PBXSourcesBuildPhase section */

/* Begin PBXVariantGroup section */
		5B5985C7263970EF006401AC /* LaunchScreen.storyboard */ = {
			isa = PBXVariantGroup;
			children = (
				5B5985C8263970EF006401AC /* Base */,
			);
			name = LaunchScreen.storyboard;
			sourceTree = "<group>";
		};
/* End PBXVariantGroup section */

/* Begin XCBuildConfiguration section */
		5B5985CB263970EF006401AC /* Debug */ = {
			isa = XCBuildConfiguration;
			buildSettings = {
				ALWAYS_SEARCH_USER_PATHS = NO;
				CLANG_ANALYZER_NONNULL = YES;
				CLANG_ANALYZER_NUMBER_OBJECT_CONVERSION = YES_AGGRESSIVE;
				CLANG_CXX_LANGUAGE_STANDARD = "gnu++14";
				CLANG_CXX_LIBRARY = "libc++";
				CLANG_ENABLE_MODULES = YES;
				CLANG_ENABLE_OBJC_ARC = YES;
				CLANG_ENABLE_OBJC_WEAK = YES;
				CLANG_WARN_BLOCK_CAPTURE_AUTORELEASING = YES;
				CLANG_WARN_BOOL_CONVERSION = YES;
				CLANG_WARN_COMMA = YES;
				CLANG_WARN_CONSTANT_CONVERSION = YES;
				CLANG_WARN_DEPRECATED_OBJC_IMPLEMENTATIONS = YES;
				CLANG_WARN_DIRECT_OBJC_ISA_USAGE = YES_ERROR;
				CLANG_WARN_DOCUMENTATION_COMMENTS = YES;
				CLANG_WARN_EMPTY_BODY = YES;
				CLANG_WARN_ENUM_CONVERSION = YES;
				CLANG_WARN_INFINITE_RECURSION = YES;
				CLANG_WARN_INT_CONVERSION = YES;
				CLANG_WARN_NON_LITERAL_NULL_CONVERSION = YES;
				CLANG_WARN_OBJC_IMPLICIT_RETAIN_SELF = YES;
				CLANG_WARN_OBJC_LITERAL_CONVERSION = YES;
				CLANG_WARN_OBJC_ROOT_CLASS = YES_ERROR;
				CLANG_WARN_QUOTED_INCLUDE_IN_FRAMEWORK_HEADER = YES;
				CLANG_WARN_RANGE_LOOP_ANALYSIS = YES;
				CLANG_WARN_STRICT_PROTOTYPES = YES;
				CLANG_WARN_SUSPICIOUS_MOVE = YES;
				CLANG_WARN_UNGUARDED_AVAILABILITY = YES_AGGRESSIVE;
				CLANG_WARN_UNREACHABLE_CODE = YES;
				CLANG_WARN__DUPLICATE_METHOD_MATCH = YES;
				COPY_PHASE_STRIP = NO;
				DEBUG_INFORMATION_FORMAT = dwarf;
				ENABLE_STRICT_OBJC_MSGSEND = YES;
				ENABLE_TESTABILITY = YES;
				GCC_C_LANGUAGE_STANDARD = gnu11;
				GCC_DYNAMIC_NO_PIC = NO;
				GCC_NO_COMMON_BLOCKS = YES;
				GCC_OPTIMIZATION_LEVEL = 0;
				GCC_PREPROCESSOR_DEFINITIONS = (
					"DEBUG=1",
					"$(inherited)",
				);
				GCC_WARN_64_TO_32_BIT_CONVERSION = YES;
				GCC_WARN_ABOUT_RETURN_TYPE = YES_ERROR;
				GCC_WARN_UNDECLARED_SELECTOR = YES;
				GCC_WARN_UNINITIALIZED_AUTOS = YES_AGGRESSIVE;
				GCC_WARN_UNUSED_FUNCTION = YES;
				GCC_WARN_UNUSED_VARIABLE = YES;
				IPHONEOS_DEPLOYMENT_TARGET = 14.4;
				MTL_ENABLE_DEBUG_INFO = INCLUDE_SOURCE;
				MTL_FAST_MATH = YES;
				ONLY_ACTIVE_ARCH = YES;
				SDKROOT = iphoneos;
				SWIFT_ACTIVE_COMPILATION_CONDITIONS = DEBUG;
				SWIFT_OPTIMIZATION_LEVEL = "-Onone";
			};
			name = Debug;
		};
		5B5985CC263970EF006401AC /* Release */ = {
			isa = XCBuildConfiguration;
			buildSettings = {
				ALWAYS_SEARCH_USER_PATHS = NO;
				CLANG_ANALYZER_NONNULL = YES;
				CLANG_ANALYZER_NUMBER_OBJECT_CONVERSION = YES_AGGRESSIVE;
				CLANG_CXX_LANGUAGE_STANDARD = "gnu++14";
				CLANG_CXX_LIBRARY = "libc++";
				CLANG_ENABLE_MODULES = YES;
				CLANG_ENABLE_OBJC_ARC = YES;
				CLANG_ENABLE_OBJC_WEAK = YES;
				CLANG_WARN_BLOCK_CAPTURE_AUTORELEASING = YES;
				CLANG_WARN_BOOL_CONVERSION = YES;
				CLANG_WARN_COMMA = YES;
				CLANG_WARN_CONSTANT_CONVERSION = YES;
				CLANG_WARN_DEPRECATED_OBJC_IMPLEMENTATIONS = YES;
				CLANG_WARN_DIRECT_OBJC_ISA_USAGE = YES_ERROR;
				CLANG_WARN_DOCUMENTATION_COMMENTS = YES;
				CLANG_WARN_EMPTY_BODY = YES;
				CLANG_WARN_ENUM_CONVERSION = YES;
				CLANG_WARN_INFINITE_RECURSION = YES;
				CLANG_WARN_INT_CONVERSION = YES;
				CLANG_WARN_NON_LITERAL_NULL_CONVERSION = YES;
				CLANG_WARN_OBJC_IMPLICIT_RETAIN_SELF = YES;
				CLANG_WARN_OBJC_LITERAL_CONVERSION = YES;
				CLANG_WARN_OBJC_ROOT_CLASS = YES_ERROR;
				CLANG_WARN_QUOTED_INCLUDE_IN_FRAMEWORK_HEADER = YES;
				CLANG_WARN_RANGE_LOOP_ANALYSIS = YES;
				CLANG_WARN_STRICT_PROTOTYPES = YES;
				CLANG_WARN_SUSPICIOUS_MOVE = YES;
				CLANG_WARN_UNGUARDED_AVAILABILITY = YES_AGGRESSIVE;
				CLANG_WARN_UNREACHABLE_CODE = YES;
				CLANG_WARN__DUPLICATE_METHOD_MATCH = YES;
				COPY_PHASE_STRIP = NO;
				DEBUG_INFORMATION_FORMAT = "dwarf-with-dsym";
				ENABLE_NS_ASSERTIONS = NO;
				ENABLE_STRICT_OBJC_MSGSEND = YES;
				GCC_C_LANGUAGE_STANDARD = gnu11;
				GCC_NO_COMMON_BLOCKS = YES;
				GCC_WARN_64_TO_32_BIT_CONVERSION = YES;
				GCC_WARN_ABOUT_RETURN_TYPE = YES_ERROR;
				GCC_WARN_UNDECLARED_SELECTOR = YES;
				GCC_WARN_UNINITIALIZED_AUTOS = YES_AGGRESSIVE;
				GCC_WARN_UNUSED_FUNCTION = YES;
				GCC_WARN_UNUSED_VARIABLE = YES;
				IPHONEOS_DEPLOYMENT_TARGET = 14.4;
				MTL_ENABLE_DEBUG_INFO = NO;
				MTL_FAST_MATH = YES;
				SDKROOT = iphoneos;
				SWIFT_COMPILATION_MODE = wholemodule;
				SWIFT_OPTIMIZATION_LEVEL = "-O";
				VALIDATE_PRODUCT = YES;
			};
			name = Release;
		};
		5B5985CE263970EF006401AC /* Debug */ = {
			isa = XCBuildConfiguration;
			baseConfigurationReference = C24208CE05517A375F138E79 /* Pods-ios-test.debug.xcconfig */;
			buildSettings = {
				ASSETCATALOG_COMPILER_APPICON_NAME = AppIcon;
				ASSETCATALOG_COMPILER_GLOBAL_ACCENT_COLOR_NAME = AccentColor;
				CODE_SIGN_STYLE = Automatic;
				DEVELOPMENT_ASSET_PATHS = "\"ios-test/Preview Content\"";
				DEVELOPMENT_TEAM = Y34ZBDV4FQ;
				ENABLE_PREVIEWS = YES;
				INFOPLIST_FILE = "ios-test/Info.plist";
				LD_RUNPATH_SEARCH_PATHS = (
					"$(inherited)",
					"@executable_path/Frameworks",
				);
				PRODUCT_BUNDLE_IDENTIFIER = "com.luxuryescapes.ios-test";
				PRODUCT_NAME = "$(TARGET_NAME)";
				SWIFT_VERSION = 5.0;
				TARGETED_DEVICE_FAMILY = "1,2";
			};
			name = Debug;
		};
		5B5985CF263970EF006401AC /* Release */ = {
			isa = XCBuildConfiguration;
			baseConfigurationReference = E35321141696F0BCD41EF8CA /* Pods-ios-test.release.xcconfig */;
			buildSettings = {
				ASSETCATALOG_COMPILER_APPICON_NAME = AppIcon;
				ASSETCATALOG_COMPILER_GLOBAL_ACCENT_COLOR_NAME = AccentColor;
				CODE_SIGN_STYLE = Automatic;
				DEVELOPMENT_ASSET_PATHS = "\"ios-test/Preview Content\"";
				DEVELOPMENT_TEAM = Y34ZBDV4FQ;
				ENABLE_PREVIEWS = YES;
				INFOPLIST_FILE = "ios-test/Info.plist";
				LD_RUNPATH_SEARCH_PATHS = (
					"$(inherited)",
					"@executable_path/Frameworks",
				);
				PRODUCT_BUNDLE_IDENTIFIER = "com.luxuryescapes.ios-test";
				PRODUCT_NAME = "$(TARGET_NAME)";
				SWIFT_VERSION = 5.0;
				TARGETED_DEVICE_FAMILY = "1,2";
			};
			name = Release;
		};
/* End XCBuildConfiguration section */

/* Begin XCConfigurationList section */
		5B5985B4263970EF006401AC /* Build configuration list for PBXProject "ios-test" */ = {
			isa = XCConfigurationList;
			buildConfigurations = (
				5B5985CB263970EF006401AC /* Debug */,
				5B5985CC263970EF006401AC /* Release */,
			);
			defaultConfigurationIsVisible = 0;
			defaultConfigurationName = Release;
		};
		5B5985CD263970EF006401AC /* Build configuration list for PBXNativeTarget "ios-test" */ = {
			isa = XCConfigurationList;
			buildConfigurations = (
				5B5985CE263970EF006401AC /* Debug */,
				5B5985CF263970EF006401AC /* Release */,
			);
			defaultConfigurationIsVisible = 0;
			defaultConfigurationName = Release;
		};
/* End XCConfigurationList section */
	};
	rootObject = 5B5985B1263970EF006401AC /* Project object */;
}
